
Microsoft Visual Studio Solution File, Format Version 12.00
# Visual Studio Version 17
VisualStudioVersion = 17.1.32210.238
MinimumVisualStudioVersion = 10.0.40219.1
Project("{FAE04EC0-301F-11D3-BF4B-00C04F79EFBC}") = "TugasValidation", "TugasValidation\TugasValidation.csproj", "{83F90210-0BAC-47A1-BD67-5B6163B2533A}"
EndProject
Global
	GlobalSection(SolutionConfigurationPlatforms) = preSolution
		Debug|Any CPU = Debug|Any CPU
		Release|Any CPU = Release|Any CPU
	EndGlobalSection
	GlobalSection(ProjectConfigurationPlatforms) = postSolution
		{83F90210-0BAC-47A1-BD67-5B6163B2533A}.Debug|Any CPU.ActiveCfg = Debug|Any CPU
		{83F90210-0BAC-47A1-BD67-5B6163B2533A}.Debug|Any CPU.Build.0 = Debug|Any CPU
		{83F90210-0BAC-47A1-BD67-5B6163B2533A}.Release|Any CPU.ActiveCfg = Release|Any CPU
		{83F90210-0BAC-47A1-BD67-5B6163B2533A}.Release|Any CPU.Build.0 = Release|Any CPU
	EndGlobalSection
	GlobalSection(SolutionProperties) = preSolution
		HideSolutionNode = FALSE
	EndGlobalSection
	GlobalSection(ExtensibilityGlobals) = postSolution
		SolutionGuid = {E87EEB03-3434-405E-8290-FC66BD83777C}
	EndGlobalSection
EndGlobal
